
Microsoft Visual Studio Solution File, Format Version 12.00
# Visual Studio 15
Project("{FAE04EC0-301F-11D3-BF4B-00C04F79EFBC}") = "Assembly-CSharp-firstpass", "Assembly-CSharp-firstpass.csproj", "{790F9F1A-E6B0-28FC-83BC-9BE7225DA0A8}"
EndProject
Project("{FAE04EC0-301F-11D3-BF4B-00C04F79EFBC}") = "Assembly-CSharp", "Assembly-CSharp.csproj", "{B6139482-0168-E8A1-23DD-0813F35A7E08}"
EndProject
Project("{FAE04EC0-301F-11D3-BF4B-00C04F79EFBC}") = "Assembly-CSharp-Editor-firstpass", "Assembly-CSharp-Editor-firstpass.csproj", "{0BACC9D7-0892-0D55-29BF-F7D2C16F87CD}"
EndProject
Project("{FAE04EC0-301F-11D3-BF4B-00C04F79EFBC}") = "Assembly-CSharp-Editor", "Assembly-CSharp-Editor.csproj", "{0C0014E6-3EF1-326E-BA5E-275B3CC91E88}"
EndProject
Global
	GlobalSection(SolutionConfigurationPlatforms) = preSolution
		Debug|Any CPU = Debug|Any CPU
		Release|Any CPU = Release|Any CPU
	EndGlobalSection
	GlobalSection(ProjectConfigurationPlatforms) = postSolution
		{790F9F1A-E6B0-28FC-83BC-9BE7225DA0A8}.Debug|Any CPU.ActiveCfg = Debug|Any CPU
		{790F9F1A-E6B0-28FC-83BC-9BE7225DA0A8}.Debug|Any CPU.Build.0 = Debug|Any CPU
		{790F9F1A-E6B0-28FC-83BC-9BE7225DA0A8}.Release|Any CPU.ActiveCfg = Release|Any CPU
		{790F9F1A-E6B0-28FC-83BC-9BE7225DA0A8}.Release|Any CPU.Build.0 = Release|Any CPU
		{B6139482-0168-E8A1-23DD-0813F35A7E08}.Debug|Any CPU.ActiveCfg = Debug|Any CPU
		{B6139482-0168-E8A1-23DD-0813F35A7E08}.Debug|Any CPU.Build.0 = Debug|Any CPU
		{B6139482-0168-E8A1-23DD-0813F35A7E08}.Release|Any CPU.ActiveCfg = Release|Any CPU
		{B6139482-0168-E8A1-23DD-0813F35A7E08}.Release|Any CPU.Build.0 = Release|Any CPU
		{0BACC9D7-0892-0D55-29BF-F7D2C16F87CD}.Debug|Any CPU.ActiveCfg = Debug|Any CPU
		{0BACC9D7-0892-0D55-29BF-F7D2C16F87CD}.Debug|Any CPU.Build.0 = Debug|Any CPU
		{0BACC9D7-0892-0D55-29BF-F7D2C16F87CD}.Release|Any CPU.ActiveCfg = Release|Any CPU
		{0BACC9D7-0892-0D55-29BF-F7D2C16F87CD}.Release|Any CPU.Build.0 = Release|Any CPU
		{0C0014E6-3EF1-326E-BA5E-275B3CC91E88}.Debug|Any CPU.ActiveCfg = Debug|Any CPU
		{0C0014E6-3EF1-326E-BA5E-275B3CC91E88}.Debug|Any CPU.Build.0 = Debug|Any CPU
		{0C0014E6-3EF1-326E-BA5E-275B3CC91E88}.Release|Any CPU.ActiveCfg = Release|Any CPU
		{0C0014E6-3EF1-326E-BA5E-275B3CC91E88}.Release|Any CPU.Build.0 = Release|Any CPU
	EndGlobalSection
	GlobalSection(SolutionProperties) = preSolution
		HideSolutionNode = FALSE
	EndGlobalSection
EndGlobal
