
Microsoft Visual Studio Solution File, Format Version 11.00
# Visual Studio 2010
Project("{FAE04EC0-301F-11D3-BF4B-00C04F79EFBC}") = "Assembly-CSharp", "Assembly-CSharp.csproj", "{829413b6-6801-a1e8-23dd-0813f35a7e08}"
EndProject
Project("{FAE04EC0-301F-11D3-BF4B-00C04F79EFBC}") = "Assembly-CSharp-firstpass", "Assembly-CSharp-firstpass.csproj", "{1a9f0f79-b0e6-fc28-83bc-9be7225da0a8}"
EndProject
Project("{FAE04EC0-301F-11D3-BF4B-00C04F79EFBC}") = "Assembly-CSharp-Editor-firstpass", "Assembly-CSharp-Editor-firstpass.csproj", "{d7c9ac0b-9208-550d-29bf-f7d2c16f87cd}"
EndProject
Project("{FAE04EC0-301F-11D3-BF4B-00C04F79EFBC}") = "Assembly-CSharp-Editor", "Assembly-CSharp-Editor.csproj", "{e614000c-f13e-6e32-ba5e-275b3cc91e88}"
EndProject
Global
	GlobalSection(SolutionConfigurationPlatforms) = preSolution
		Debug|Any CPU = Debug|Any CPU
	EndGlobalSection
	GlobalSection(ProjectConfigurationPlatforms) = postSolution
		{829413b6-6801-a1e8-23dd-0813f35a7e08}.Debug|Any CPU.ActiveCfg = Debug|Any CPU
		{829413b6-6801-a1e8-23dd-0813f35a7e08}.Debug|Any CPU.Build.0 = Debug|Any CPU
		{1a9f0f79-b0e6-fc28-83bc-9be7225da0a8}.Debug|Any CPU.ActiveCfg = Debug|Any CPU
		{1a9f0f79-b0e6-fc28-83bc-9be7225da0a8}.Debug|Any CPU.Build.0 = Debug|Any CPU
		{d7c9ac0b-9208-550d-29bf-f7d2c16f87cd}.Debug|Any CPU.ActiveCfg = Debug|Any CPU
		{d7c9ac0b-9208-550d-29bf-f7d2c16f87cd}.Debug|Any CPU.Build.0 = Debug|Any CPU
		{e614000c-f13e-6e32-ba5e-275b3cc91e88}.Debug|Any CPU.ActiveCfg = Debug|Any CPU
		{e614000c-f13e-6e32-ba5e-275b3cc91e88}.Debug|Any CPU.Build.0 = Debug|Any CPU
	EndGlobalSection
	GlobalSection(SolutionProperties) = preSolution
		HideSolutionNode = FALSE
	EndGlobalSection
EndGlobal
